
Microsoft Visual Studio Solution File, Format Version 12.00
# Visual Studio Version 17
VisualStudioVersion = 17.4.33213.308
MinimumVisualStudioVersion = 10.0.40219.1
Project("{FAE04EC0-301F-11D3-BF4B-00C04F79EFBC}") = "UrlShortnerWebApi", "UrlShortnerWebApi\UrlShortnerWebApi.csproj", "{38AB1406-1774-4879-A504-04C3CC35800E}"
EndProject
Global
	GlobalSection(SolutionConfigurationPlatforms) = preSolution
		Debug|Any CPU = Debug|Any CPU
		Release|Any CPU = Release|Any CPU
	EndGlobalSection
	GlobalSection(ProjectConfigurationPlatforms) = postSolution
		{38AB1406-1774-4879-A504-04C3CC35800E}.Debug|Any CPU.ActiveCfg = Debug|Any CPU
		{38AB1406-1774-4879-A504-04C3CC35800E}.Debug|Any CPU.Build.0 = Debug|Any CPU
		{38AB1406-1774-4879-A504-04C3CC35800E}.Release|Any CPU.ActiveCfg = Release|Any CPU
		{38AB1406-1774-4879-A504-04C3CC35800E}.Release|Any CPU.Build.0 = Release|Any CPU
	EndGlobalSection
	GlobalSection(SolutionProperties) = preSolution
		HideSolutionNode = FALSE
	EndGlobalSection
	GlobalSection(ExtensibilityGlobals) = postSolution
		SolutionGuid = {103F9F4A-85D3-44F3-8E30-830A9E5114B1}
	EndGlobalSection
EndGlobal
